
Microsoft Visual Studio Solution File, Format Version 12.00
# Visual Studio Version 17
VisualStudioVersion = 17.10.35013.160
MinimumVisualStudioVersion = 10.0.40219.1
Project("{FAE04EC0-301F-11D3-BF4B-00C04F79EFBC}") = "programmingsample", "programmingsample\programmingsample.csproj", "{7533861A-23EE-4D63-BD0B-F4B852E44022}"
EndProject
Global
	GlobalSection(SolutionConfigurationPlatforms) = preSolution
		Debug|Any CPU = Debug|Any CPU
		Release|Any CPU = Release|Any CPU
	EndGlobalSection
	GlobalSection(ProjectConfigurationPlatforms) = postSolution
		{7533861A-23EE-4D63-BD0B-F4B852E44022}.Debug|Any CPU.ActiveCfg = Debug|Any CPU
		{7533861A-23EE-4D63-BD0B-F4B852E44022}.Debug|Any CPU.Build.0 = Debug|Any CPU
		{7533861A-23EE-4D63-BD0B-F4B852E44022}.Release|Any CPU.ActiveCfg = Release|Any CPU
		{7533861A-23EE-4D63-BD0B-F4B852E44022}.Release|Any CPU.Build.0 = Release|Any CPU
	EndGlobalSection
	GlobalSection(SolutionProperties) = preSolution
		HideSolutionNode = FALSE
	EndGlobalSection
	GlobalSection(ExtensibilityGlobals) = postSolution
		SolutionGuid = {DDF3F47E-8FDA-472D-B1BB-BE3CF9CDDAB8}
	EndGlobalSection
EndGlobal
